
Microsoft Visual Studio Solution File, Format Version 12.00
# Visual Studio Version 17
VisualStudioVersion = 17.9.34701.34
MinimumVisualStudioVersion = 10.0.40219.1
Project("{9A19103F-16F7-4668-BE54-9A1E7A4F7556}") = "DataAccess", "DataAccess\DataAccess.csproj", "{A19061C6-DE54-454F-9323-C2BA75CAD06F}"
EndProject
Project("{9A19103F-16F7-4668-BE54-9A1E7A4F7556}") = "Business", "Business\Business.csproj", "{31C6C5B0-DA80-48B8-B8D8-AEE9E68FCFD1}"
EndProject
Project("{9A19103F-16F7-4668-BE54-9A1E7A4F7556}") = "Entities", "Entities\Entities.csproj", "{70F17BA0-8D7D-4764-A84C-B0592B4ADD8B}"
EndProject
Project("{9A19103F-16F7-4668-BE54-9A1E7A4F7556}") = "ConsoleUI", "ConsoleUI\ConsoleUI.csproj", "{E8E97C43-CAA6-4D35-8350-BF6EA2EF6B56}"
EndProject
Project("{9A19103F-16F7-4668-BE54-9A1E7A4F7556}") = "Core", "Core\Core.csproj", "{EADE2661-A08B-4586-822B-59A0E4CE5882}"
EndProject
Project("{9A19103F-16F7-4668-BE54-9A1E7A4F7556}") = "WebApi", "WebApplication2\WebApi.csproj", "{F4EACCCC-5589-454E-B4F8-831213284588}"
EndProject
Global
	GlobalSection(SolutionConfigurationPlatforms) = preSolution
		Debug|Any CPU = Debug|Any CPU
		Release|Any CPU = Release|Any CPU
	EndGlobalSection
	GlobalSection(ProjectConfigurationPlatforms) = postSolution
		{A19061C6-DE54-454F-9323-C2BA75CAD06F}.Debug|Any CPU.ActiveCfg = Debug|Any CPU
		{A19061C6-DE54-454F-9323-C2BA75CAD06F}.Debug|Any CPU.Build.0 = Debug|Any CPU
		{A19061C6-DE54-454F-9323-C2BA75CAD06F}.Release|Any CPU.ActiveCfg = Release|Any CPU
		{A19061C6-DE54-454F-9323-C2BA75CAD06F}.Release|Any CPU.Build.0 = Release|Any CPU
		{31C6C5B0-DA80-48B8-B8D8-AEE9E68FCFD1}.Debug|Any CPU.ActiveCfg = Debug|Any CPU
		{31C6C5B0-DA80-48B8-B8D8-AEE9E68FCFD1}.Debug|Any CPU.Build.0 = Debug|Any CPU
		{31C6C5B0-DA80-48B8-B8D8-AEE9E68FCFD1}.Release|Any CPU.ActiveCfg = Release|Any CPU
		{31C6C5B0-DA80-48B8-B8D8-AEE9E68FCFD1}.Release|Any CPU.Build.0 = Release|Any CPU
		{70F17BA0-8D7D-4764-A84C-B0592B4ADD8B}.Debug|Any CPU.ActiveCfg = Debug|Any CPU
		{70F17BA0-8D7D-4764-A84C-B0592B4ADD8B}.Debug|Any CPU.Build.0 = Debug|Any CPU
		{70F17BA0-8D7D-4764-A84C-B0592B4ADD8B}.Release|Any CPU.ActiveCfg = Release|Any CPU
		{70F17BA0-8D7D-4764-A84C-B0592B4ADD8B}.Release|Any CPU.Build.0 = Release|Any CPU
		{E8E97C43-CAA6-4D35-8350-BF6EA2EF6B56}.Debug|Any CPU.ActiveCfg = Debug|Any CPU
		{E8E97C43-CAA6-4D35-8350-BF6EA2EF6B56}.Debug|Any CPU.Build.0 = Debug|Any CPU
		{E8E97C43-CAA6-4D35-8350-BF6EA2EF6B56}.Release|Any CPU.ActiveCfg = Release|Any CPU
		{E8E97C43-CAA6-4D35-8350-BF6EA2EF6B56}.Release|Any CPU.Build.0 = Release|Any CPU
		{EADE2661-A08B-4586-822B-59A0E4CE5882}.Debug|Any CPU.ActiveCfg = Debug|Any CPU
		{EADE2661-A08B-4586-822B-59A0E4CE5882}.Debug|Any CPU.Build.0 = Debug|Any CPU
		{EADE2661-A08B-4586-822B-59A0E4CE5882}.Release|Any CPU.ActiveCfg = Release|Any CPU
		{EADE2661-A08B-4586-822B-59A0E4CE5882}.Release|Any CPU.Build.0 = Release|Any CPU
		{F4EACCCC-5589-454E-B4F8-831213284588}.Debug|Any CPU.ActiveCfg = Debug|Any CPU
		{F4EACCCC-5589-454E-B4F8-831213284588}.Debug|Any CPU.Build.0 = Debug|Any CPU
		{F4EACCCC-5589-454E-B4F8-831213284588}.Release|Any CPU.ActiveCfg = Release|Any CPU
		{F4EACCCC-5589-454E-B4F8-831213284588}.Release|Any CPU.Build.0 = Release|Any CPU
	EndGlobalSection
	GlobalSection(SolutionProperties) = preSolution
		HideSolutionNode = FALSE
	EndGlobalSection
	GlobalSection(ExtensibilityGlobals) = postSolution
		SolutionGuid = {32C10775-B20E-4F77-A01E-8A048BD2B408}
	EndGlobalSection
EndGlobal
